
Microsoft Visual Studio Solution File, Format Version 12.00
# Visual Studio 15
VisualStudioVersion = 15.0.26124.0
MinimumVisualStudioVersion = 15.0.26124.0
Project("{FAE04EC0-301F-11D3-BF4B-00C04F79EFBC}") = "API", "APi\API.csproj", "{8E183C08-F199-46CB-BD10-14928E855190}"
EndProject
Project("{FAE04EC0-301F-11D3-BF4B-00C04F79EFBC}") = "Domain", "Domain\Domain.csproj", "{A6BA25C0-D78F-4041-B232-7D67C3A699DF}"
EndProject
Project("{FAE04EC0-301F-11D3-BF4B-00C04F79EFBC}") = "Persistence", "Persistence\Persistence.csproj", "{6ECC8ADC-F346-40E0-BDF5-180FC25FD278}"
EndProject
Project("{FAE04EC0-301F-11D3-BF4B-00C04F79EFBC}") = "Application", "Application\Application.csproj", "{200CC142-63C7-46CB-A216-D1E5C0CE0D86}"
EndProject
Global
	GlobalSection(SolutionConfigurationPlatforms) = preSolution
		Debug|Any CPU = Debug|Any CPU
		Debug|x64 = Debug|x64
		Debug|x86 = Debug|x86
		Release|Any CPU = Release|Any CPU
		Release|x64 = Release|x64
		Release|x86 = Release|x86
	EndGlobalSection
	GlobalSection(SolutionProperties) = preSolution
		HideSolutionNode = FALSE
	EndGlobalSection
	GlobalSection(ProjectConfigurationPlatforms) = postSolution
		{8E183C08-F199-46CB-BD10-14928E855190}.Debug|Any CPU.ActiveCfg = Debug|Any CPU
		{8E183C08-F199-46CB-BD10-14928E855190}.Debug|Any CPU.Build.0 = Debug|Any CPU
		{8E183C08-F199-46CB-BD10-14928E855190}.Debug|x64.ActiveCfg = Debug|Any CPU
		{8E183C08-F199-46CB-BD10-14928E855190}.Debug|x64.Build.0 = Debug|Any CPU
		{8E183C08-F199-46CB-BD10-14928E855190}.Debug|x86.ActiveCfg = Debug|Any CPU
		{8E183C08-F199-46CB-BD10-14928E855190}.Debug|x86.Build.0 = Debug|Any CPU
		{8E183C08-F199-46CB-BD10-14928E855190}.Release|Any CPU.ActiveCfg = Release|Any CPU
		{8E183C08-F199-46CB-BD10-14928E855190}.Release|Any CPU.Build.0 = Release|Any CPU
		{8E183C08-F199-46CB-BD10-14928E855190}.Release|x64.ActiveCfg = Release|Any CPU
		{8E183C08-F199-46CB-BD10-14928E855190}.Release|x64.Build.0 = Release|Any CPU
		{8E183C08-F199-46CB-BD10-14928E855190}.Release|x86.ActiveCfg = Release|Any CPU
		{8E183C08-F199-46CB-BD10-14928E855190}.Release|x86.Build.0 = Release|Any CPU
		{A6BA25C0-D78F-4041-B232-7D67C3A699DF}.Debug|Any CPU.ActiveCfg = Debug|Any CPU
		{A6BA25C0-D78F-4041-B232-7D67C3A699DF}.Debug|Any CPU.Build.0 = Debug|Any CPU
		{A6BA25C0-D78F-4041-B232-7D67C3A699DF}.Debug|x64.ActiveCfg = Debug|Any CPU
		{A6BA25C0-D78F-4041-B232-7D67C3A699DF}.Debug|x64.Build.0 = Debug|Any CPU
		{A6BA25C0-D78F-4041-B232-7D67C3A699DF}.Debug|x86.ActiveCfg = Debug|Any CPU
		{A6BA25C0-D78F-4041-B232-7D67C3A699DF}.Debug|x86.Build.0 = Debug|Any CPU
		{A6BA25C0-D78F-4041-B232-7D67C3A699DF}.Release|Any CPU.ActiveCfg = Release|Any CPU
		{A6BA25C0-D78F-4041-B232-7D67C3A699DF}.Release|Any CPU.Build.0 = Release|Any CPU
		{A6BA25C0-D78F-4041-B232-7D67C3A699DF}.Release|x64.ActiveCfg = Release|Any CPU
		{A6BA25C0-D78F-4041-B232-7D67C3A699DF}.Release|x64.Build.0 = Release|Any CPU
		{A6BA25C0-D78F-4041-B232-7D67C3A699DF}.Release|x86.ActiveCfg = Release|Any CPU
		{A6BA25C0-D78F-4041-B232-7D67C3A699DF}.Release|x86.Build.0 = Release|Any CPU
		{6ECC8ADC-F346-40E0-BDF5-180FC25FD278}.Debug|Any CPU.ActiveCfg = Debug|Any CPU
		{6ECC8ADC-F346-40E0-BDF5-180FC25FD278}.Debug|Any CPU.Build.0 = Debug|Any CPU
		{6ECC8ADC-F346-40E0-BDF5-180FC25FD278}.Debug|x64.ActiveCfg = Debug|Any CPU
		{6ECC8ADC-F346-40E0-BDF5-180FC25FD278}.Debug|x64.Build.0 = Debug|Any CPU
		{6ECC8ADC-F346-40E0-BDF5-180FC25FD278}.Debug|x86.ActiveCfg = Debug|Any CPU
		{6ECC8ADC-F346-40E0-BDF5-180FC25FD278}.Debug|x86.Build.0 = Debug|Any CPU
		{6ECC8ADC-F346-40E0-BDF5-180FC25FD278}.Release|Any CPU.ActiveCfg = Release|Any CPU
		{6ECC8ADC-F346-40E0-BDF5-180FC25FD278}.Release|Any CPU.Build.0 = Release|Any CPU
		{6ECC8ADC-F346-40E0-BDF5-180FC25FD278}.Release|x64.ActiveCfg = Release|Any CPU
		{6ECC8ADC-F346-40E0-BDF5-180FC25FD278}.Release|x64.Build.0 = Release|Any CPU
		{6ECC8ADC-F346-40E0-BDF5-180FC25FD278}.Release|x86.ActiveCfg = Release|Any CPU
		{6ECC8ADC-F346-40E0-BDF5-180FC25FD278}.Release|x86.Build.0 = Release|Any CPU
		{200CC142-63C7-46CB-A216-D1E5C0CE0D86}.Debug|Any CPU.ActiveCfg = Debug|Any CPU
		{200CC142-63C7-46CB-A216-D1E5C0CE0D86}.Debug|Any CPU.Build.0 = Debug|Any CPU
		{200CC142-63C7-46CB-A216-D1E5C0CE0D86}.Debug|x64.ActiveCfg = Debug|Any CPU
		{200CC142-63C7-46CB-A216-D1E5C0CE0D86}.Debug|x64.Build.0 = Debug|Any CPU
		{200CC142-63C7-46CB-A216-D1E5C0CE0D86}.Debug|x86.ActiveCfg = Debug|Any CPU
		{200CC142-63C7-46CB-A216-D1E5C0CE0D86}.Debug|x86.Build.0 = Debug|Any CPU
		{200CC142-63C7-46CB-A216-D1E5C0CE0D86}.Release|Any CPU.ActiveCfg = Release|Any CPU
		{200CC142-63C7-46CB-A216-D1E5C0CE0D86}.Release|Any CPU.Build.0 = Release|Any CPU
		{200CC142-63C7-46CB-A216-D1E5C0CE0D86}.Release|x64.ActiveCfg = Release|Any CPU
		{200CC142-63C7-46CB-A216-D1E5C0CE0D86}.Release|x64.Build.0 = Release|Any CPU
		{200CC142-63C7-46CB-A216-D1E5C0CE0D86}.Release|x86.ActiveCfg = Release|Any CPU
		{200CC142-63C7-46CB-A216-D1E5C0CE0D86}.Release|x86.Build.0 = Release|Any CPU
	EndGlobalSection
EndGlobal
